
Microsoft Visual Studio Solution File, Format Version 12.00
# Visual Studio Version 17
VisualStudioVersion = 17.9.34526.213
MinimumVisualStudioVersion = 10.0.40219.1
Project("{FAE04EC0-301F-11D3-BF4B-00C04F79EFBC}") = "Dongnipp-ASP", "Dongnipp-ASP\Dongnipp-ASP.csproj", "{C2212FE2-56AC-49CE-B407-5183BD1FA1EB}"
EndProject
Global
	GlobalSection(SolutionConfigurationPlatforms) = preSolution
		Debug|Any CPU = Debug|Any CPU
		Release|Any CPU = Release|Any CPU
	EndGlobalSection
	GlobalSection(ProjectConfigurationPlatforms) = postSolution
		{C2212FE2-56AC-49CE-B407-5183BD1FA1EB}.Debug|Any CPU.ActiveCfg = Debug|Any CPU
		{C2212FE2-56AC-49CE-B407-5183BD1FA1EB}.Debug|Any CPU.Build.0 = Debug|Any CPU
		{C2212FE2-56AC-49CE-B407-5183BD1FA1EB}.Release|Any CPU.ActiveCfg = Release|Any CPU
		{C2212FE2-56AC-49CE-B407-5183BD1FA1EB}.Release|Any CPU.Build.0 = Release|Any CPU
	EndGlobalSection
	GlobalSection(SolutionProperties) = preSolution
		HideSolutionNode = FALSE
	EndGlobalSection
	GlobalSection(ExtensibilityGlobals) = postSolution
		SolutionGuid = {26211A60-4D61-4C65-A042-CD2E4C6165C4}
	EndGlobalSection
EndGlobal
